
Microsoft Visual Studio Solution File, Format Version 12.00
# Visual Studio Version 17
VisualStudioVersion = 17.13.35806.99
MinimumVisualStudioVersion = 10.0.40219.1
Project("{2150E333-8FDC-42A3-9474-1A3956D46DE8}") = "Services", "Services", "{02EA681E-C7D8-13C7-8484-4AC65E1B71E8}"
EndProject
Project("{2150E333-8FDC-42A3-9474-1A3956D46DE8}") = "Catalog", "Catalog", "{B2EE104F-DF5D-478D-9347-AF83102F33C9}"
EndProject
Project("{FAE04EC0-301F-11D3-BF4B-00C04F79EFBC}") = "Catalog.API", "Services\Catalog\Catalog.API\Catalog.API.csproj", "{43332ED1-16B7-4DE5-97EC-6926E97B9AA7}"
EndProject
Project("{2150E333-8FDC-42A3-9474-1A3956D46DE8}") = "BuildingBlocks", "BuildingBlocks", "{11C3D453-02E5-467E-9DFD-70E0F1D81026}"
EndProject
Project("{FAE04EC0-301F-11D3-BF4B-00C04F79EFBC}") = "BuildingBlocks", "BuildingBlocks\BuildingBlocks\BuildingBlocks.csproj", "{82162E64-A038-4B5F-B6F4-DF4FA8933FD5}"
EndProject
Project("{E53339B2-1760-4266-BCC7-CA923CBCF16C}") = "docker-compose", "docker-compose.dcproj", "{81DDED9D-158B-E303-5F62-77A2896D2A5A}"
EndProject
Project("{2150E333-8FDC-42A3-9474-1A3956D46DE8}") = "Basket", "Basket", "{0DD15932-3863-4206-B233-2D7D88041C4F}"
EndProject
Project("{FAE04EC0-301F-11D3-BF4B-00C04F79EFBC}") = "Basket.api", "Services\Basket\Basket.api\Basket.api.csproj", "{E6F60481-8B2F-4759-A790-810AE2F12A21}"
EndProject
Project("{2150E333-8FDC-42A3-9474-1A3956D46DE8}") = "Discount", "Discount", "{F1A01F82-8C67-4144-85A4-72F24BEBFD34}"
EndProject
Project("{FAE04EC0-301F-11D3-BF4B-00C04F79EFBC}") = "Discount.Grpc", "Services\Discount\Discount.Grpc\Discount.Grpc.csproj", "{BA0CC62D-AB15-4A01-B3D4-1B57674E0B98}"
EndProject
Project("{2150E333-8FDC-42A3-9474-1A3956D46DE8}") = "Ordering", "Ordering", "{51800C4C-CC4B-42D9-8EB0-EE46FF9B6A4F}"
EndProject
Project("{FAE04EC0-301F-11D3-BF4B-00C04F79EFBC}") = "Ordering.API", "Services\Ordering\Ordering.API\Ordering.API.csproj", "{291C7C94-9F1C-4BCA-B54A-DA6EB0F9598E}"
EndProject
Project("{FAE04EC0-301F-11D3-BF4B-00C04F79EFBC}") = "Ordering.Domain", "Services\Ordering\Ordering.Domain\Ordering.Domain.csproj", "{CE52D01B-DF99-46E8-956A-54C21EA6C03F}"
EndProject
Project("{FAE04EC0-301F-11D3-BF4B-00C04F79EFBC}") = "Ordering.Application", "Services\Ordering\Ordering.Application\Ordering.Application.csproj", "{775CDFB9-D465-4E65-B6A1-D6B08FFAC747}"
EndProject
Project("{FAE04EC0-301F-11D3-BF4B-00C04F79EFBC}") = "Ordering.Infrastructure", "Services\Ordering\Ordering.Infrastructure\Ordering.Infrastructure.csproj", "{C6CAF83B-1DDC-444E-A486-8D0458EDD4D4}"
EndProject
Global
	GlobalSection(SolutionConfigurationPlatforms) = preSolution
		Debug|Any CPU = Debug|Any CPU
		Release|Any CPU = Release|Any CPU
	EndGlobalSection
	GlobalSection(ProjectConfigurationPlatforms) = postSolution
		{43332ED1-16B7-4DE5-97EC-6926E97B9AA7}.Debug|Any CPU.ActiveCfg = Debug|Any CPU
		{43332ED1-16B7-4DE5-97EC-6926E97B9AA7}.Debug|Any CPU.Build.0 = Debug|Any CPU
		{43332ED1-16B7-4DE5-97EC-6926E97B9AA7}.Release|Any CPU.ActiveCfg = Release|Any CPU
		{43332ED1-16B7-4DE5-97EC-6926E97B9AA7}.Release|Any CPU.Build.0 = Release|Any CPU
		{82162E64-A038-4B5F-B6F4-DF4FA8933FD5}.Debug|Any CPU.ActiveCfg = Debug|Any CPU
		{82162E64-A038-4B5F-B6F4-DF4FA8933FD5}.Debug|Any CPU.Build.0 = Debug|Any CPU
		{82162E64-A038-4B5F-B6F4-DF4FA8933FD5}.Release|Any CPU.ActiveCfg = Release|Any CPU
		{82162E64-A038-4B5F-B6F4-DF4FA8933FD5}.Release|Any CPU.Build.0 = Release|Any CPU
		{81DDED9D-158B-E303-5F62-77A2896D2A5A}.Debug|Any CPU.ActiveCfg = Debug|Any CPU
		{81DDED9D-158B-E303-5F62-77A2896D2A5A}.Debug|Any CPU.Build.0 = Debug|Any CPU
		{81DDED9D-158B-E303-5F62-77A2896D2A5A}.Release|Any CPU.ActiveCfg = Release|Any CPU
		{81DDED9D-158B-E303-5F62-77A2896D2A5A}.Release|Any CPU.Build.0 = Release|Any CPU
		{E6F60481-8B2F-4759-A790-810AE2F12A21}.Debug|Any CPU.ActiveCfg = Debug|Any CPU
		{E6F60481-8B2F-4759-A790-810AE2F12A21}.Debug|Any CPU.Build.0 = Debug|Any CPU
		{E6F60481-8B2F-4759-A790-810AE2F12A21}.Release|Any CPU.ActiveCfg = Release|Any CPU
		{E6F60481-8B2F-4759-A790-810AE2F12A21}.Release|Any CPU.Build.0 = Release|Any CPU
		{BA0CC62D-AB15-4A01-B3D4-1B57674E0B98}.Debug|Any CPU.ActiveCfg = Debug|Any CPU
		{BA0CC62D-AB15-4A01-B3D4-1B57674E0B98}.Debug|Any CPU.Build.0 = Debug|Any CPU
		{BA0CC62D-AB15-4A01-B3D4-1B57674E0B98}.Release|Any CPU.ActiveCfg = Release|Any CPU
		{BA0CC62D-AB15-4A01-B3D4-1B57674E0B98}.Release|Any CPU.Build.0 = Release|Any CPU
		{291C7C94-9F1C-4BCA-B54A-DA6EB0F9598E}.Debug|Any CPU.ActiveCfg = Debug|Any CPU
		{291C7C94-9F1C-4BCA-B54A-DA6EB0F9598E}.Debug|Any CPU.Build.0 = Debug|Any CPU
		{291C7C94-9F1C-4BCA-B54A-DA6EB0F9598E}.Release|Any CPU.ActiveCfg = Release|Any CPU
		{291C7C94-9F1C-4BCA-B54A-DA6EB0F9598E}.Release|Any CPU.Build.0 = Release|Any CPU
		{CE52D01B-DF99-46E8-956A-54C21EA6C03F}.Debug|Any CPU.ActiveCfg = Debug|Any CPU
		{CE52D01B-DF99-46E8-956A-54C21EA6C03F}.Debug|Any CPU.Build.0 = Debug|Any CPU
		{CE52D01B-DF99-46E8-956A-54C21EA6C03F}.Release|Any CPU.ActiveCfg = Release|Any CPU
		{CE52D01B-DF99-46E8-956A-54C21EA6C03F}.Release|Any CPU.Build.0 = Release|Any CPU
		{775CDFB9-D465-4E65-B6A1-D6B08FFAC747}.Debug|Any CPU.ActiveCfg = Debug|Any CPU
		{775CDFB9-D465-4E65-B6A1-D6B08FFAC747}.Debug|Any CPU.Build.0 = Debug|Any CPU
		{775CDFB9-D465-4E65-B6A1-D6B08FFAC747}.Release|Any CPU.ActiveCfg = Release|Any CPU
		{775CDFB9-D465-4E65-B6A1-D6B08FFAC747}.Release|Any CPU.Build.0 = Release|Any CPU
		{C6CAF83B-1DDC-444E-A486-8D0458EDD4D4}.Debug|Any CPU.ActiveCfg = Debug|Any CPU
		{C6CAF83B-1DDC-444E-A486-8D0458EDD4D4}.Debug|Any CPU.Build.0 = Debug|Any CPU
		{C6CAF83B-1DDC-444E-A486-8D0458EDD4D4}.Release|Any CPU.ActiveCfg = Release|Any CPU
		{C6CAF83B-1DDC-444E-A486-8D0458EDD4D4}.Release|Any CPU.Build.0 = Release|Any CPU
	EndGlobalSection
	GlobalSection(SolutionProperties) = preSolution
		HideSolutionNode = FALSE
	EndGlobalSection
	GlobalSection(NestedProjects) = preSolution
		{B2EE104F-DF5D-478D-9347-AF83102F33C9} = {02EA681E-C7D8-13C7-8484-4AC65E1B71E8}
		{43332ED1-16B7-4DE5-97EC-6926E97B9AA7} = {B2EE104F-DF5D-478D-9347-AF83102F33C9}
		{82162E64-A038-4B5F-B6F4-DF4FA8933FD5} = {11C3D453-02E5-467E-9DFD-70E0F1D81026}
		{0DD15932-3863-4206-B233-2D7D88041C4F} = {02EA681E-C7D8-13C7-8484-4AC65E1B71E8}
		{E6F60481-8B2F-4759-A790-810AE2F12A21} = {0DD15932-3863-4206-B233-2D7D88041C4F}
		{F1A01F82-8C67-4144-85A4-72F24BEBFD34} = {02EA681E-C7D8-13C7-8484-4AC65E1B71E8}
		{BA0CC62D-AB15-4A01-B3D4-1B57674E0B98} = {F1A01F82-8C67-4144-85A4-72F24BEBFD34}
		{51800C4C-CC4B-42D9-8EB0-EE46FF9B6A4F} = {02EA681E-C7D8-13C7-8484-4AC65E1B71E8}
		{291C7C94-9F1C-4BCA-B54A-DA6EB0F9598E} = {51800C4C-CC4B-42D9-8EB0-EE46FF9B6A4F}
		{CE52D01B-DF99-46E8-956A-54C21EA6C03F} = {51800C4C-CC4B-42D9-8EB0-EE46FF9B6A4F}
		{775CDFB9-D465-4E65-B6A1-D6B08FFAC747} = {51800C4C-CC4B-42D9-8EB0-EE46FF9B6A4F}
		{C6CAF83B-1DDC-444E-A486-8D0458EDD4D4} = {51800C4C-CC4B-42D9-8EB0-EE46FF9B6A4F}
	EndGlobalSection
	GlobalSection(ExtensibilityGlobals) = postSolution
		SolutionGuid = {D7E55EDD-D8C9-456B-98BC-1579DF706092}
	EndGlobalSection
EndGlobal
